
Microsoft Visual Studio Solution File, Format Version 12.00
# Visual Studio 15
VisualStudioVersion = 15.0.27703.2047
MinimumVisualStudioVersion = 10.0.40219.1
Project("{2150E333-8FDC-42A3-9474-1A3956D46DE8}") = "Common", "Common", "{73D68F5A-08CC-4E4D-84F6-4421B8085049}"
EndProject
Project("{2150E333-8FDC-42A3-9474-1A3956D46DE8}") = "ServiceConnector", "ServiceConnector", "{82CED7BF-95D0-4875-8F76-C80C891EA7A5}"
EndProject
Project("{2150E333-8FDC-42A3-9474-1A3956D46DE8}") = "Application", "Application", "{E7E2DDBC-FBD9-437F-9FD5-D33C7BCC3C15}"
EndProject
Project("{2150E333-8FDC-42A3-9474-1A3956D46DE8}") = "Infrastructure", "Infrastructure", "{1E4A07F2-585C-4617-90F0-E5C64DEABD32}"
EndProject
Project("{2150E333-8FDC-42A3-9474-1A3956D46DE8}") = "Domain", "Domain", "{0C48EDF4-EF82-44AA-90F3-70B13D67CBA9}"
EndProject
Project("{2150E333-8FDC-42A3-9474-1A3956D46DE8}") = "API", "API", "{FE48ECC2-5661-4624-B830-2B22E604F7A0}"
EndProject
Project("{2150E333-8FDC-42A3-9474-1A3956D46DE8}") = "Cache", "Cache", "{74628BF2-F2B5-42ED-A6CE-1BEB208547A2}"
EndProject
Project("{2150E333-8FDC-42A3-9474-1A3956D46DE8}") = "Solution Items", "Solution Items", "{19F1C9F6-12FF-4539-8975-72FCB876C993}"
EndProject
Project("{9A19103F-16F7-4668-BE54-9A1E7A4F7556}") = "MNBEC.API.Account", "MNBEC.API.Account\MNBEC.API.Account.csproj", "{66509DFA-E8D8-48AC-8DC3-C0E6CA8AE5AB}"
EndProject
Project("{9A19103F-16F7-4668-BE54-9A1E7A4F7556}") = "MNBEC.API.Core", "MNBEC.API.Core\MNBEC.API.Core.csproj", "{1948523D-AB2A-418F-8764-6857E568D204}"
EndProject
Project("{9A19103F-16F7-4668-BE54-9A1E7A4F7556}") = "MNBEC.Application", "MNBEC.Application\MNBEC.Application.csproj", "{5EF3410E-B5B6-45D1-ACBD-EB7FAF650A79}"
EndProject
Project("{9A19103F-16F7-4668-BE54-9A1E7A4F7556}") = "MNBEC.ApplicationInterface", "MNBEC.ApplicationInterface\MNBEC.ApplicationInterface.csproj", "{476EE077-1F08-4E35-93A4-95F560E55426}"
EndProject
Project("{9A19103F-16F7-4668-BE54-9A1E7A4F7556}") = "MNBEC.Cache", "MNBEC.Cache\MNBEC.Cache.csproj", "{99040C32-99DA-4ACB-91FE-C41B5A7176A2}"
EndProject
Project("{9A19103F-16F7-4668-BE54-9A1E7A4F7556}") = "MNBEC.CacheInterface", "MNBEC.CacheInterface\MNBEC.CacheInterface.csproj", "{498C729D-B758-46A8-ACF1-78A62B131BD7}"
EndProject
Project("{9A19103F-16F7-4668-BE54-9A1E7A4F7556}") = "MNBEC.Core", "MNBEC.Core\MNBEC.Core.csproj", "{CB704948-B7EA-4899-A663-2FC769DA56FB}"
EndProject
Project("{9A19103F-16F7-4668-BE54-9A1E7A4F7556}") = "MNBEC.Domain", "MNBEC.Domain\MNBEC.Domain.csproj", "{3278C475-9BB4-48EB-9F74-04623C318017}"
EndProject
Project("{9A19103F-16F7-4668-BE54-9A1E7A4F7556}") = "MNBEC.ViewModel", "MNBEC.ViewModel\MNBEC.ViewModel.csproj", "{B055B153-B54C-4DA4-A09B-6E28A3D4FADD}"
EndProject
Project("{9A19103F-16F7-4668-BE54-9A1E7A4F7556}") = "MNBEC.Infrastructure", "MNBEC.Infrastructure\MNBEC.Infrastructure.csproj", "{70A8DA21-B3F2-47BB-9C40-A2D7594909AC}"
EndProject
Project("{9A19103F-16F7-4668-BE54-9A1E7A4F7556}") = "MNBEC.InfrastructureInterface", "MNBEC.InfrastructureInterface\MNBEC.InfrastructureInterface.csproj", "{E85567BA-47DB-4BF5-B4FC-D313F17BE97C}"
EndProject
Project("{9A19103F-16F7-4668-BE54-9A1E7A4F7556}") = "MNBEC.ServiceConnector", "MNBEC.ServiceConnector\MNBEC.ServiceConnector.csproj", "{2C84D67A-1A1B-465B-B29B-B4B69C8B31D5}"
EndProject
Project("{9A19103F-16F7-4668-BE54-9A1E7A4F7556}") = "MNBEC.ServiceConnectorInterface", "MNBEC.ServiceConnectorInterface\MNBEC.ServiceConnectorInterface.csproj", "{2543D33E-7FE7-47C6-A24B-CE6FE12F58EB}"
EndProject
Project("{9A19103F-16F7-4668-BE54-9A1E7A4F7556}") = "MNBEC.ServiceProvider", "MNBEC.ServiceProvider\MNBEC.ServiceProvider.csproj", "{A3280F47-B89C-44B9-8067-7AF01CA9F74E}"
EndProject
Project("{9A19103F-16F7-4668-BE54-9A1E7A4F7556}") = "MNBEC.ServiceProviderInterface", "MNBEC.ServiceProviderInterface\MNBEC.ServiceProviderInterface.csproj", "{5F7CD62A-CBAF-43C9-BC17-77EF5181D9E7}"
EndProject
Project("{9A19103F-16F7-4668-BE54-9A1E7A4F7556}") = "MNBEC.API.Configuration", "MNBEC.API.Configuration\MNBEC.API.Configuration.csproj", "{938DCC23-FE9B-4489-BE55-8C3247DAF775}"
EndProject
Project("{2150E333-8FDC-42A3-9474-1A3956D46DE8}") = "Database", "Database", "{1E468302-F103-4A31-9C4C-06A0805B6C88}"
EndProject
Project("{2150E333-8FDC-42A3-9474-1A3956D46DE8}") = "Bootstrap", "Bootstrap", "{5CE9B5EC-C2AE-4491-A3C0-48E747614AA6}"
	ProjectSection(SolutionItems) = preProject
		Bootstrap.txt = Bootstrap.txt
	EndProjectSection
EndProject
Project("{2150E333-8FDC-42A3-9474-1A3956D46DE8}") = "Tables", "Tables", "{16BE404E-31FB-4711-82A7-5ADB62AB5825}"
	ProjectSection(SolutionItems) = preProject
		AreaLookUp.sql = AreaLookUp.sql
		FourPLookUp.sql = FourPLookUp.sql
		level.sql = level.sql
		LevelLookUp.sql = LevelLookUp.sql
		LevelTypeLookUp.sql = LevelTypeLookUp.sql
		Question.sql = Question.sql
		QuestionnaireTemplate.sql = QuestionnaireTemplate.sql
		ResponsibleLookUp.sql = ResponsibleLookUp.sql
		ReviewerLevel.sql = ReviewerLevel.sql
		StakeholderAnswer.sql = StakeholderAnswer.sql
		StakeholderLevel.sql = StakeholderLevel.sql
		StakeholderQuestionnaireStatus.sql = StakeholderQuestionnaireStatus.sql
		TBL.txt = TBL.txt
	EndProjectSection
EndProject
Project("{2150E333-8FDC-42A3-9474-1A3956D46DE8}") = "StoredProcedures", "StoredProcedures", "{6D4DFF7D-B0DD-4649-81BF-F241A3F70843}"
	ProjectSection(SolutionItems) = preProject
		AreaLookUpActivate.sql = AreaLookUpActivate.sql
		AreaLookUpAdd.sql = AreaLookUpAdd.sql
		AreaLookUpGet.sql = AreaLookUpGet.sql
		AreaLookUpGetList.sql = AreaLookUpGetList.sql
		AreaLookUpUpdateUpdate.sql = AreaLookUpUpdateUpdate.sql
		FourPLookUpGetList.sql = FourPLookUpGetList.sql
		LevelActivate.sql = LevelActivate.sql
		LevelAdd.sql = LevelAdd.sql
		LevelGet.sql = LevelGet.sql
		LevelGetList.sql = LevelGetList.sql
		LevelGetListByStakeholderId.sql = LevelGetListByStakeholderId.sql
		LevelLookUpGetList.sql = LevelLookUpGetList.sql
		LevelTypeLookUpGetList.sql = LevelTypeLookUpGetList.sql
		LevelUpdate.sql = LevelUpdate.sql
		QuestionActivate.sql = QuestionActivate.sql
		QuestionAdd.sql = QuestionAdd.sql
		QuestionGet.sql = QuestionGet.sql
		QuestionnaireTemplateActivate.sql = QuestionnaireTemplateActivate.sql
		QuestionnaireTemplateAdd.sql = QuestionnaireTemplateAdd.sql
		QuestionnaireTemplateGet.sql = QuestionnaireTemplateGet.sql
		QuestionnaireTemplateGetList.sql = QuestionnaireTemplateGetList.sql
		QuestionnaireTemplateUpdate.sql = QuestionnaireTemplateUpdate.sql
		QuestionUpdate.sql = QuestionUpdate.sql
		ResponsibleLookUpGetList.sql = ResponsibleLookUpGetList.sql
		ReviewerLevelDelete.sql = ReviewerLevelDelete.sql
		SP.txt = SP.txt
		StakeholderAnswerAdd.sql = StakeholderAnswerAdd.sql
		StakeholderAnswerGetListByStakeholderId.sql = StakeholderAnswerGetListByStakeholderId.sql
		StakeholderAnswerUpdate.sql = StakeholderAnswerUpdate.sql
		StakeholderLevelDelete.sql = StakeholderLevelDelete.sql
		StakeholderQuestionnaireStatusAdd.sql = StakeholderQuestionnaireStatusAdd.sql
	EndProjectSection
EndProject
Project("{9A19103F-16F7-4668-BE54-9A1E7A4F7556}") = "MNBEC.API.WEBAPI", "MNBEC.API.WEBAPI\MNBEC.API.WEBAPI.csproj", "{B7D7948A-8D67-4331-A565-BDA3F8560F58}"
EndProject
Global
	GlobalSection(SolutionConfigurationPlatforms) = preSolution
		Debug|Any CPU = Debug|Any CPU
		Release|Any CPU = Release|Any CPU
	EndGlobalSection
	GlobalSection(ProjectConfigurationPlatforms) = postSolution
		{66509DFA-E8D8-48AC-8DC3-C0E6CA8AE5AB}.Debug|Any CPU.ActiveCfg = Debug|Any CPU
		{66509DFA-E8D8-48AC-8DC3-C0E6CA8AE5AB}.Debug|Any CPU.Build.0 = Debug|Any CPU
		{66509DFA-E8D8-48AC-8DC3-C0E6CA8AE5AB}.Release|Any CPU.ActiveCfg = Release|Any CPU
		{66509DFA-E8D8-48AC-8DC3-C0E6CA8AE5AB}.Release|Any CPU.Build.0 = Release|Any CPU
		{1948523D-AB2A-418F-8764-6857E568D204}.Debug|Any CPU.ActiveCfg = Debug|Any CPU
		{1948523D-AB2A-418F-8764-6857E568D204}.Debug|Any CPU.Build.0 = Debug|Any CPU
		{1948523D-AB2A-418F-8764-6857E568D204}.Release|Any CPU.ActiveCfg = Release|Any CPU
		{1948523D-AB2A-418F-8764-6857E568D204}.Release|Any CPU.Build.0 = Release|Any CPU
		{5EF3410E-B5B6-45D1-ACBD-EB7FAF650A79}.Debug|Any CPU.ActiveCfg = Debug|Any CPU
		{5EF3410E-B5B6-45D1-ACBD-EB7FAF650A79}.Debug|Any CPU.Build.0 = Debug|Any CPU
		{5EF3410E-B5B6-45D1-ACBD-EB7FAF650A79}.Release|Any CPU.ActiveCfg = Release|Any CPU
		{5EF3410E-B5B6-45D1-ACBD-EB7FAF650A79}.Release|Any CPU.Build.0 = Release|Any CPU
		{476EE077-1F08-4E35-93A4-95F560E55426}.Debug|Any CPU.ActiveCfg = Debug|Any CPU
		{476EE077-1F08-4E35-93A4-95F560E55426}.Debug|Any CPU.Build.0 = Debug|Any CPU
		{476EE077-1F08-4E35-93A4-95F560E55426}.Release|Any CPU.ActiveCfg = Release|Any CPU
		{476EE077-1F08-4E35-93A4-95F560E55426}.Release|Any CPU.Build.0 = Release|Any CPU
		{99040C32-99DA-4ACB-91FE-C41B5A7176A2}.Debug|Any CPU.ActiveCfg = Debug|Any CPU
		{99040C32-99DA-4ACB-91FE-C41B5A7176A2}.Debug|Any CPU.Build.0 = Debug|Any CPU
		{99040C32-99DA-4ACB-91FE-C41B5A7176A2}.Release|Any CPU.ActiveCfg = Release|Any CPU
		{99040C32-99DA-4ACB-91FE-C41B5A7176A2}.Release|Any CPU.Build.0 = Release|Any CPU
		{498C729D-B758-46A8-ACF1-78A62B131BD7}.Debug|Any CPU.ActiveCfg = Debug|Any CPU
		{498C729D-B758-46A8-ACF1-78A62B131BD7}.Debug|Any CPU.Build.0 = Debug|Any CPU
		{498C729D-B758-46A8-ACF1-78A62B131BD7}.Release|Any CPU.ActiveCfg = Release|Any CPU
		{498C729D-B758-46A8-ACF1-78A62B131BD7}.Release|Any CPU.Build.0 = Release|Any CPU
		{CB704948-B7EA-4899-A663-2FC769DA56FB}.Debug|Any CPU.ActiveCfg = Debug|Any CPU
		{CB704948-B7EA-4899-A663-2FC769DA56FB}.Debug|Any CPU.Build.0 = Debug|Any CPU
		{CB704948-B7EA-4899-A663-2FC769DA56FB}.Release|Any CPU.ActiveCfg = Release|Any CPU
		{CB704948-B7EA-4899-A663-2FC769DA56FB}.Release|Any CPU.Build.0 = Release|Any CPU
		{3278C475-9BB4-48EB-9F74-04623C318017}.Debug|Any CPU.ActiveCfg = Debug|Any CPU
		{3278C475-9BB4-48EB-9F74-04623C318017}.Debug|Any CPU.Build.0 = Debug|Any CPU
		{3278C475-9BB4-48EB-9F74-04623C318017}.Release|Any CPU.ActiveCfg = Release|Any CPU
		{3278C475-9BB4-48EB-9F74-04623C318017}.Release|Any CPU.Build.0 = Release|Any CPU
		{B055B153-B54C-4DA4-A09B-6E28A3D4FADD}.Debug|Any CPU.ActiveCfg = Debug|Any CPU
		{B055B153-B54C-4DA4-A09B-6E28A3D4FADD}.Debug|Any CPU.Build.0 = Debug|Any CPU
		{B055B153-B54C-4DA4-A09B-6E28A3D4FADD}.Release|Any CPU.ActiveCfg = Release|Any CPU
		{B055B153-B54C-4DA4-A09B-6E28A3D4FADD}.Release|Any CPU.Build.0 = Release|Any CPU
		{70A8DA21-B3F2-47BB-9C40-A2D7594909AC}.Debug|Any CPU.ActiveCfg = Debug|Any CPU
		{70A8DA21-B3F2-47BB-9C40-A2D7594909AC}.Debug|Any CPU.Build.0 = Debug|Any CPU
		{70A8DA21-B3F2-47BB-9C40-A2D7594909AC}.Release|Any CPU.ActiveCfg = Release|Any CPU
		{70A8DA21-B3F2-47BB-9C40-A2D7594909AC}.Release|Any CPU.Build.0 = Release|Any CPU
		{E85567BA-47DB-4BF5-B4FC-D313F17BE97C}.Debug|Any CPU.ActiveCfg = Debug|Any CPU
		{E85567BA-47DB-4BF5-B4FC-D313F17BE97C}.Debug|Any CPU.Build.0 = Debug|Any CPU
		{E85567BA-47DB-4BF5-B4FC-D313F17BE97C}.Release|Any CPU.ActiveCfg = Release|Any CPU
		{E85567BA-47DB-4BF5-B4FC-D313F17BE97C}.Release|Any CPU.Build.0 = Release|Any CPU
		{2C84D67A-1A1B-465B-B29B-B4B69C8B31D5}.Debug|Any CPU.ActiveCfg = Debug|Any CPU
		{2C84D67A-1A1B-465B-B29B-B4B69C8B31D5}.Debug|Any CPU.Build.0 = Debug|Any CPU
		{2C84D67A-1A1B-465B-B29B-B4B69C8B31D5}.Release|Any CPU.ActiveCfg = Release|Any CPU
		{2C84D67A-1A1B-465B-B29B-B4B69C8B31D5}.Release|Any CPU.Build.0 = Release|Any CPU
		{2543D33E-7FE7-47C6-A24B-CE6FE12F58EB}.Debug|Any CPU.ActiveCfg = Debug|Any CPU
		{2543D33E-7FE7-47C6-A24B-CE6FE12F58EB}.Debug|Any CPU.Build.0 = Debug|Any CPU
		{2543D33E-7FE7-47C6-A24B-CE6FE12F58EB}.Release|Any CPU.ActiveCfg = Release|Any CPU
		{2543D33E-7FE7-47C6-A24B-CE6FE12F58EB}.Release|Any CPU.Build.0 = Release|Any CPU
		{A3280F47-B89C-44B9-8067-7AF01CA9F74E}.Debug|Any CPU.ActiveCfg = Debug|Any CPU
		{A3280F47-B89C-44B9-8067-7AF01CA9F74E}.Debug|Any CPU.Build.0 = Debug|Any CPU
		{A3280F47-B89C-44B9-8067-7AF01CA9F74E}.Release|Any CPU.ActiveCfg = Release|Any CPU
		{A3280F47-B89C-44B9-8067-7AF01CA9F74E}.Release|Any CPU.Build.0 = Release|Any CPU
		{5F7CD62A-CBAF-43C9-BC17-77EF5181D9E7}.Debug|Any CPU.ActiveCfg = Debug|Any CPU
		{5F7CD62A-CBAF-43C9-BC17-77EF5181D9E7}.Debug|Any CPU.Build.0 = Debug|Any CPU
		{5F7CD62A-CBAF-43C9-BC17-77EF5181D9E7}.Release|Any CPU.ActiveCfg = Release|Any CPU
		{5F7CD62A-CBAF-43C9-BC17-77EF5181D9E7}.Release|Any CPU.Build.0 = Release|Any CPU
		{938DCC23-FE9B-4489-BE55-8C3247DAF775}.Debug|Any CPU.ActiveCfg = Debug|Any CPU
		{938DCC23-FE9B-4489-BE55-8C3247DAF775}.Debug|Any CPU.Build.0 = Debug|Any CPU
		{938DCC23-FE9B-4489-BE55-8C3247DAF775}.Release|Any CPU.ActiveCfg = Release|Any CPU
		{938DCC23-FE9B-4489-BE55-8C3247DAF775}.Release|Any CPU.Build.0 = Release|Any CPU
		{B7D7948A-8D67-4331-A565-BDA3F8560F58}.Debug|Any CPU.ActiveCfg = Debug|Any CPU
		{B7D7948A-8D67-4331-A565-BDA3F8560F58}.Debug|Any CPU.Build.0 = Debug|Any CPU
		{B7D7948A-8D67-4331-A565-BDA3F8560F58}.Release|Any CPU.ActiveCfg = Release|Any CPU
		{B7D7948A-8D67-4331-A565-BDA3F8560F58}.Release|Any CPU.Build.0 = Release|Any CPU
	EndGlobalSection
	GlobalSection(SolutionProperties) = preSolution
		HideSolutionNode = FALSE
	EndGlobalSection
	GlobalSection(NestedProjects) = preSolution
		{66509DFA-E8D8-48AC-8DC3-C0E6CA8AE5AB} = {FE48ECC2-5661-4624-B830-2B22E604F7A0}
		{1948523D-AB2A-418F-8764-6857E568D204} = {73D68F5A-08CC-4E4D-84F6-4421B8085049}
		{5EF3410E-B5B6-45D1-ACBD-EB7FAF650A79} = {E7E2DDBC-FBD9-437F-9FD5-D33C7BCC3C15}
		{476EE077-1F08-4E35-93A4-95F560E55426} = {E7E2DDBC-FBD9-437F-9FD5-D33C7BCC3C15}
		{99040C32-99DA-4ACB-91FE-C41B5A7176A2} = {74628BF2-F2B5-42ED-A6CE-1BEB208547A2}
		{498C729D-B758-46A8-ACF1-78A62B131BD7} = {74628BF2-F2B5-42ED-A6CE-1BEB208547A2}
		{CB704948-B7EA-4899-A663-2FC769DA56FB} = {73D68F5A-08CC-4E4D-84F6-4421B8085049}
		{3278C475-9BB4-48EB-9F74-04623C318017} = {0C48EDF4-EF82-44AA-90F3-70B13D67CBA9}
		{B055B153-B54C-4DA4-A09B-6E28A3D4FADD} = {0C48EDF4-EF82-44AA-90F3-70B13D67CBA9}
		{70A8DA21-B3F2-47BB-9C40-A2D7594909AC} = {1E4A07F2-585C-4617-90F0-E5C64DEABD32}
		{E85567BA-47DB-4BF5-B4FC-D313F17BE97C} = {1E4A07F2-585C-4617-90F0-E5C64DEABD32}
		{2C84D67A-1A1B-465B-B29B-B4B69C8B31D5} = {82CED7BF-95D0-4875-8F76-C80C891EA7A5}
		{2543D33E-7FE7-47C6-A24B-CE6FE12F58EB} = {82CED7BF-95D0-4875-8F76-C80C891EA7A5}
		{A3280F47-B89C-44B9-8067-7AF01CA9F74E} = {82CED7BF-95D0-4875-8F76-C80C891EA7A5}
		{5F7CD62A-CBAF-43C9-BC17-77EF5181D9E7} = {82CED7BF-95D0-4875-8F76-C80C891EA7A5}
		{938DCC23-FE9B-4489-BE55-8C3247DAF775} = {FE48ECC2-5661-4624-B830-2B22E604F7A0}
		{5CE9B5EC-C2AE-4491-A3C0-48E747614AA6} = {1E468302-F103-4A31-9C4C-06A0805B6C88}
		{16BE404E-31FB-4711-82A7-5ADB62AB5825} = {1E468302-F103-4A31-9C4C-06A0805B6C88}
		{6D4DFF7D-B0DD-4649-81BF-F241A3F70843} = {1E468302-F103-4A31-9C4C-06A0805B6C88}
		{B7D7948A-8D67-4331-A565-BDA3F8560F58} = {FE48ECC2-5661-4624-B830-2B22E604F7A0}
	EndGlobalSection
	GlobalSection(ExtensibilityGlobals) = postSolution
		SolutionGuid = {82900769-AC7A-4993-A7E8-A9DF05FC9FB8}
	EndGlobalSection
EndGlobal
